// !$*UTF8*$!
{
	archiveVersion = 1;
	classes = {
	};
	objectVersion = 56;
	objects = {

/* Begin PBXBuildFile section */
		560E8E142AD5445C0038D743 /* MetalPreview.docc in Sources */ = {isa = PBXBuildFile; fileRef = 560E8E132AD5445C0038D743 /* MetalPreview.docc */; };
		560E8E1A2AD5445C0038D743 /* MetalPreview.framework in Frameworks */ = {isa = PBXBuildFile; fileRef = 560E8E0F2AD5445C0038D743 /* MetalPreview.framework */; };
		560E8E1F2AD5445C0038D743 /* MetalPreviewTests.swift in Sources */ = {isa = PBXBuildFile; fileRef = 560E8E1E2AD5445C0038D743 /* MetalPreviewTests.swift */; };
		560E8E202AD5445C0038D743 /* MetalPreview.h in Headers */ = {isa = PBXBuildFile; fileRef = 560E8E122AD5445C0038D743 /* MetalPreview.h */; settings = {ATTRIBUTES = (Public, ); }; };
		560E8E2B2AD544950038D743 /* LinearAlgebra.swift in Sources */ = {isa = PBXBuildFile; fileRef = 560E8E2A2AD544950038D743 /* LinearAlgebra.swift */; };
		560E8E2E2AD545C90038D743 /* Transform.swift in Sources */ = {isa = PBXBuildFile; fileRef = 560E8E2D2AD545C90038D743 /* Transform.swift */; };
		560E8E312AD546060038D743 /* OBJLoader.swift in Sources */ = {isa = PBXBuildFile; fileRef = 560E8E302AD546060038D743 /* OBJLoader.swift */; };
		560E8E332AD546210038D743 /* Object.swift in Sources */ = {isa = PBXBuildFile; fileRef = 560E8E322AD546210038D743 /* Object.swift */; };
		560E8E352AD546970038D743 /* Camera.swift in Sources */ = {isa = PBXBuildFile; fileRef = 560E8E342AD546970038D743 /* Camera.swift */; };
		560E8E372AD546E20038D743 /* Light.swift in Sources */ = {isa = PBXBuildFile; fileRef = 560E8E362AD546E20038D743 /* Light.swift */; };
/* End PBXBuildFile section */

/* Begin PBXContainerItemProxy section */
		560E8E1B2AD5445C0038D743 /* PBXContainerItemProxy */ = {
			isa = PBXContainerItemProxy;
			containerPortal = 560E8E062AD5445C0038D743 /* Project object */;
			proxyType = 1;
			remoteGlobalIDString = 560E8E0E2AD5445C0038D743;
			remoteInfo = MetalPreview;
		};
/* End PBXContainerItemProxy section */

/* Begin PBXFileReference section */
		560E8E0F2AD5445C0038D743 /* MetalPreview.framework */ = {isa = PBXFileReference; explicitFileType = wrapper.framework; includeInIndex = 0; path = MetalPreview.framework; sourceTree = BUILT_PRODUCTS_DIR; };
		560E8E122AD5445C0038D743 /* MetalPreview.h */ = {isa = PBXFileReference; lastKnownFileType = sourcecode.c.h; path = MetalPreview.h; sourceTree = "<group>"; };
		560E8E132AD5445C0038D743 /* MetalPreview.docc */ = {isa = PBXFileReference; lastKnownFileType = folder.documentationcatalog; path = MetalPreview.docc; sourceTree = "<group>"; };
		560E8E192AD5445C0038D743 /* MetalPreviewTests.xctest */ = {isa = PBXFileReference; explicitFileType = wrapper.cfbundle; includeInIndex = 0; path = MetalPreviewTests.xctest; sourceTree = BUILT_PRODUCTS_DIR; };
		560E8E1E2AD5445C0038D743 /* MetalPreviewTests.swift */ = {isa = PBXFileReference; lastKnownFileType = sourcecode.swift; path = MetalPreviewTests.swift; sourceTree = "<group>"; };
		560E8E2A2AD544950038D743 /* LinearAlgebra.swift */ = {isa = PBXFileReference; lastKnownFileType = sourcecode.swift; path = LinearAlgebra.swift; sourceTree = "<group>"; };
		560E8E2D2AD545C90038D743 /* Transform.swift */ = {isa = PBXFileReference; lastKnownFileType = sourcecode.swift; path = Transform.swift; sourceTree = "<group>"; };
		560E8E302AD546060038D743 /* OBJLoader.swift */ = {isa = PBXFileReference; lastKnownFileType = sourcecode.swift; path = OBJLoader.swift; sourceTree = "<group>"; };
		560E8E322AD546210038D743 /* Object.swift */ = {isa = PBXFileReference; lastKnownFileType = sourcecode.swift; path = Object.swift; sourceTree = "<group>"; };
		560E8E342AD546970038D743 /* Camera.swift */ = {isa = PBXFileReference; lastKnownFileType = sourcecode.swift; path = Camera.swift; sourceTree = "<group>"; };
		560E8E362AD546E20038D743 /* Light.swift */ = {isa = PBXFileReference; lastKnownFileType = sourcecode.swift; path = Light.swift; sourceTree = "<group>"; };
/* End PBXFileReference section */

/* Begin PBXFrameworksBuildPhase section */
		560E8E0C2AD5445C0038D743 /* Frameworks */ = {
			isa = PBXFrameworksBuildPhase;
			buildActionMask = 2147483647;
			files = (
			);
			runOnlyForDeploymentPostprocessing = 0;
		};
		560E8E162AD5445C0038D743 /* Frameworks */ = {
			isa = PBXFrameworksBuildPhase;
			buildActionMask = 2147483647;
			files = (
				560E8E1A2AD5445C0038D743 /* MetalPreview.framework in Frameworks */,
			);
			runOnlyForDeploymentPostprocessing = 0;
		};
/* End PBXFrameworksBuildPhase section */

/* Begin PBXGroup section */
		560E8E052AD5445C0038D743 = {
			isa = PBXGroup;
			children = (
				560E8E112AD5445C0038D743 /* MetalPreview */,
				560E8E1D2AD5445C0038D743 /* MetalPreviewTests */,
				560E8E102AD5445C0038D743 /* Products */,
			);
			sourceTree = "<group>";
		};
		560E8E102AD5445C0038D743 /* Products */ = {
			isa = PBXGroup;
			children = (
				560E8E0F2AD5445C0038D743 /* MetalPreview.framework */,
				560E8E192AD5445C0038D743 /* MetalPreviewTests.xctest */,
			);
			name = Products;
			sourceTree = "<group>";
		};
		560E8E112AD5445C0038D743 /* MetalPreview */ = {
			isa = PBXGroup;
			children = (
				560E8E2F2AD545F00038D743 /* Metal */,
				560E8E2C2AD5452F0038D743 /* Model */,
				560E8E292AD544870038D743 /* Utility */,
				560E8E122AD5445C0038D743 /* MetalPreview.h */,
				560E8E132AD5445C0038D743 /* MetalPreview.docc */,
			);
			path = MetalPreview;
			sourceTree = "<group>";
		};
		560E8E1D2AD5445C0038D743 /* MetalPreviewTests */ = {
			isa = PBXGroup;
			children = (
				560E8E1E2AD5445C0038D743 /* MetalPreviewTests.swift */,
			);
			path = MetalPreviewTests;
			sourceTree = "<group>";
		};
		560E8E292AD544870038D743 /* Utility */ = {
			isa = PBXGroup;
			children = (
				560E8E2A2AD544950038D743 /* LinearAlgebra.swift */,
			);
			path = Utility;
			sourceTree = "<group>";
		};
		560E8E2C2AD5452F0038D743 /* Model */ = {
			isa = PBXGroup;
			children = (
				560E8E2D2AD545C90038D743 /* Transform.swift */,
				560E8E322AD546210038D743 /* Object.swift */,
				560E8E342AD546970038D743 /* Camera.swift */,
				560E8E362AD546E20038D743 /* Light.swift */,
			);
			path = Model;
			sourceTree = "<group>";
		};
		560E8E2F2AD545F00038D743 /* Metal */ = {
			isa = PBXGroup;
			children = (
				560E8E302AD546060038D743 /* OBJLoader.swift */,
			);
			path = Metal;
			sourceTree = "<group>";
		};
/* End PBXGroup section */

/* Begin PBXHeadersBuildPhase section */
		560E8E0A2AD5445C0038D743 /* Headers */ = {
			isa = PBXHeadersBuildPhase;
			buildActionMask = 2147483647;
			files = (
				560E8E202AD5445C0038D743 /* MetalPreview.h in Headers */,
			);
			runOnlyForDeploymentPostprocessing = 0;
		};
/* End PBXHeadersBuildPhase section */

/* Begin PBXNativeTarget section */
		560E8E0E2AD5445C0038D743 /* MetalPreview */ = {
			isa = PBXNativeTarget;
			buildConfigurationList = 560E8E232AD5445C0038D743 /* Build configuration list for PBXNativeTarget "MetalPreview" */;
			buildPhases = (
				560E8E0A2AD5445C0038D743 /* Headers */,
				560E8E0B2AD5445C0038D743 /* Sources */,
				560E8E0C2AD5445C0038D743 /* Frameworks */,
				560E8E0D2AD5445C0038D743 /* Resources */,
			);
			buildRules = (
			);
			dependencies = (
			);
			name = MetalPreview;
			productName = MetalPreview;
			productReference = 560E8E0F2AD5445C0038D743 /* MetalPreview.framework */;
			productType = "com.apple.product-type.framework";
		};
		560E8E182AD5445C0038D743 /* MetalPreviewTests */ = {
			isa = PBXNativeTarget;
			buildConfigurationList = 560E8E262AD5445C0038D743 /* Build configuration list for PBXNativeTarget "MetalPreviewTests" */;
			buildPhases = (
				560E8E152AD5445C0038D743 /* Sources */,
				560E8E162AD5445C0038D743 /* Frameworks */,
				560E8E172AD5445C0038D743 /* Resources */,
			);
			buildRules = (
			);
			dependencies = (
				560E8E1C2AD5445C0038D743 /* PBXTargetDependency */,
			);
			name = MetalPreviewTests;
			productName = MetalPreviewTests;
			productReference = 560E8E192AD5445C0038D743 /* MetalPreviewTests.xctest */;
			productType = "com.apple.product-type.bundle.unit-test";
		};
/* End PBXNativeTarget section */

/* Begin PBXProject section */
		560E8E062AD5445C0038D743 /* Project object */ = {
			isa = PBXProject;
			attributes = {
				BuildIndependentTargetsInParallel = 1;
				LastSwiftUpdateCheck = 1430;
				LastUpgradeCheck = 1430;
				TargetAttributes = {
					560E8E0E2AD5445C0038D743 = {
						CreatedOnToolsVersion = 14.3.1;
					};
					560E8E182AD5445C0038D743 = {
						CreatedOnToolsVersion = 14.3.1;
					};
				};
			};
			buildConfigurationList = 560E8E092AD5445C0038D743 /* Build configuration list for PBXProject "MetalPreview" */;
			compatibilityVersion = "Xcode 14.0";
			developmentRegion = en;
			hasScannedForEncodings = 0;
			knownRegions = (
				en,
				Base,
			);
			mainGroup = 560E8E052AD5445C0038D743;
			productRefGroup = 560E8E102AD5445C0038D743 /* Products */;
			projectDirPath = "";
			projectRoot = "";
			targets = (
				560E8E0E2AD5445C0038D743 /* MetalPreview */,
				560E8E182AD5445C0038D743 /* MetalPreviewTests */,
			);
		};
/* End PBXProject section */

/* Begin PBXResourcesBuildPhase section */
		560E8E0D2AD5445C0038D743 /* Resources */ = {
			isa = PBXResourcesBuildPhase;
			buildActionMask = 2147483647;
			files = (
			);
			runOnlyForDeploymentPostprocessing = 0;
		};
		560E8E172AD5445C0038D743 /* Resources */ = {
			isa = PBXResourcesBuildPhase;
			buildActionMask = 2147483647;
			files = (
			);
			runOnlyForDeploymentPostprocessing = 0;
		};
/* End PBXResourcesBuildPhase section */

/* Begin PBXSourcesBuildPhase section */
		560E8E0B2AD5445C0038D743 /* Sources */ = {
			isa = PBXSourcesBuildPhase;
			buildActionMask = 2147483647;
			files = (
				560E8E332AD546210038D743 /* Object.swift in Sources */,
				560E8E312AD546060038D743 /* OBJLoader.swift in Sources */,
				560E8E352AD546970038D743 /* Camera.swift in Sources */,
				560E8E142AD5445C0038D743 /* MetalPreview.docc in Sources */,
				560E8E2E2AD545C90038D743 /* Transform.swift in Sources */,
				560E8E372AD546E20038D743 /* Light.swift in Sources */,
				560E8E2B2AD544950038D743 /* LinearAlgebra.swift in Sources */,
			);
			runOnlyForDeploymentPostprocessing = 0;
		};
		560E8E152AD5445C0038D743 /* Sources */ = {
			isa = PBXSourcesBuildPhase;
			buildActionMask = 2147483647;
			files = (
				560E8E1F2AD5445C0038D743 /* MetalPreviewTests.swift in Sources */,
			);
			runOnlyForDeploymentPostprocessing = 0;
		};
/* End PBXSourcesBuildPhase section */

/* Begin PBXTargetDependency section */
		560E8E1C2AD5445C0038D743 /* PBXTargetDependency */ = {
			isa = PBXTargetDependency;
			target = 560E8E0E2AD5445C0038D743 /* MetalPreview */;
			targetProxy = 560E8E1B2AD5445C0038D743 /* PBXContainerItemProxy */;
		};
/* End PBXTargetDependency section */

/* Begin XCBuildConfiguration section */
		560E8E212AD5445C0038D743 /* Debug */ = {
			isa = XCBuildConfiguration;
			buildSettings = {
				ALWAYS_SEARCH_USER_PATHS = NO;
				CLANG_ANALYZER_NONNULL = YES;
				CLANG_ANALYZER_NUMBER_OBJECT_CONVERSION = YES_AGGRESSIVE;
				CLANG_CXX_LANGUAGE_STANDARD = "gnu++20";
				CLANG_ENABLE_MODULES = YES;
				CLANG_ENABLE_OBJC_ARC = YES;
				CLANG_ENABLE_OBJC_WEAK = YES;
				CLANG_WARN_BLOCK_CAPTURE_AUTORELEASING = YES;
				CLANG_WARN_BOOL_CONVERSION = YES;
				CLANG_WARN_COMMA = YES;
				CLANG_WARN_CONSTANT_CONVERSION = YES;
				CLANG_WARN_DEPRECATED_OBJC_IMPLEMENTATIONS = YES;
				CLANG_WARN_DIRECT_OBJC_ISA_USAGE = YES_ERROR;
				CLANG_WARN_DOCUMENTATION_COMMENTS = YES;
				CLANG_WARN_EMPTY_BODY = YES;
				CLANG_WARN_ENUM_CONVERSION = YES;
				CLANG_WARN_INFINITE_RECURSION = YES;
				CLANG_WARN_INT_CONVERSION = YES;
				CLANG_WARN_NON_LITERAL_NULL_CONVERSION = YES;
				CLANG_WARN_OBJC_IMPLICIT_RETAIN_SELF = YES;
				CLANG_WARN_OBJC_LITERAL_CONVERSION = YES;
				CLANG_WARN_OBJC_ROOT_CLASS = YES_ERROR;
				CLANG_WARN_QUOTED_INCLUDE_IN_FRAMEWORK_HEADER = YES;
				CLANG_WARN_RANGE_LOOP_ANALYSIS = YES;
				CLANG_WARN_STRICT_PROTOTYPES = YES;
				CLANG_WARN_SUSPICIOUS_MOVE = YES;
				CLANG_WARN_UNGUARDED_AVAILABILITY = YES_AGGRESSIVE;
				CLANG_WARN_UNREACHABLE_CODE = YES;
				CLANG_WARN__DUPLICATE_METHOD_MATCH = YES;
				COPY_PHASE_STRIP = NO;
				CURRENT_PROJECT_VERSION = 1;
				DEBUG_INFORMATION_FORMAT = dwarf;
				ENABLE_STRICT_OBJC_MSGSEND = YES;
				ENABLE_TESTABILITY = YES;
				GCC_C_LANGUAGE_STANDARD = gnu11;
				GCC_DYNAMIC_NO_PIC = NO;
				GCC_NO_COMMON_BLOCKS = YES;
				GCC_OPTIMIZATION_LEVEL = 0;
				GCC_PREPROCESSOR_DEFINITIONS = (
					"DEBUG=1",
					"$(inherited)",
				);
				GCC_WARN_64_TO_32_BIT_CONVERSION = YES;
				GCC_WARN_ABOUT_RETURN_TYPE = YES_ERROR;
				GCC_WARN_UNDECLARED_SELECTOR = YES;
				GCC_WARN_UNINITIALIZED_AUTOS = YES_AGGRESSIVE;
				GCC_WARN_UNUSED_FUNCTION = YES;
				GCC_WARN_UNUSED_VARIABLE = YES;
				MTL_ENABLE_DEBUG_INFO = INCLUDE_SOURCE;
				MTL_FAST_MATH = YES;
				ONLY_ACTIVE_ARCH = YES;
				SWIFT_ACTIVE_COMPILATION_CONDITIONS = DEBUG;
				SWIFT_OPTIMIZATION_LEVEL = "-Onone";
				VERSIONING_SYSTEM = "apple-generic";
				VERSION_INFO_PREFIX = "";
			};
			name = Debug;
		};
		560E8E222AD5445C0038D743 /* Release */ = {
			isa = XCBuildConfiguration;
			buildSettings = {
				ALWAYS_SEARCH_USER_PATHS = NO;
				CLANG_ANALYZER_NONNULL = YES;
				CLANG_ANALYZER_NUMBER_OBJECT_CONVERSION = YES_AGGRESSIVE;
				CLANG_CXX_LANGUAGE_STANDARD = "gnu++20";
				CLANG_ENABLE_MODULES = YES;
				CLANG_ENABLE_OBJC_ARC = YES;
				CLANG_ENABLE_OBJC_WEAK = YES;
				CLANG_WARN_BLOCK_CAPTURE_AUTORELEASING = YES;
				CLANG_WARN_BOOL_CONVERSION = YES;
				CLANG_WARN_COMMA = YES;
				CLANG_WARN_CONSTANT_CONVERSION = YES;
				CLANG_WARN_DEPRECATED_OBJC_IMPLEMENTATIONS = YES;
				CLANG_WARN_DIRECT_OBJC_ISA_USAGE = YES_ERROR;
				CLANG_WARN_DOCUMENTATION_COMMENTS = YES;
				CLANG_WARN_EMPTY_BODY = YES;
				CLANG_WARN_ENUM_CONVERSION = YES;
				CLANG_WARN_INFINITE_RECURSION = YES;
				CLANG_WARN_INT_CONVERSION = YES;
				CLANG_WARN_NON_LITERAL_NULL_CONVERSION = YES;
				CLANG_WARN_OBJC_IMPLICIT_RETAIN_SELF = YES;
				CLANG_WARN_OBJC_LITERAL_CONVERSION = YES;
				CLANG_WARN_OBJC_ROOT_CLASS = YES_ERROR;
				CLANG_WARN_QUOTED_INCLUDE_IN_FRAMEWORK_HEADER = YES;
				CLANG_WARN_RANGE_LOOP_ANALYSIS = YES;
				CLANG_WARN_STRICT_PROTOTYPES = YES;
				CLANG_WARN_SUSPICIOUS_MOVE = YES;
				CLANG_WARN_UNGUARDED_AVAILABILITY = YES_AGGRESSIVE;
				CLANG_WARN_UNREACHABLE_CODE = YES;
				CLANG_WARN__DUPLICATE_METHOD_MATCH = YES;
				COPY_PHASE_STRIP = NO;
				CURRENT_PROJECT_VERSION = 1;
				DEBUG_INFORMATION_FORMAT = "dwarf-with-dsym";
				ENABLE_NS_ASSERTIONS = NO;
				ENABLE_STRICT_OBJC_MSGSEND = YES;
				GCC_C_LANGUAGE_STANDARD = gnu11;
				GCC_NO_COMMON_BLOCKS = YES;
				GCC_WARN_64_TO_32_BIT_CONVERSION = YES;
				GCC_WARN_ABOUT_RETURN_TYPE = YES_ERROR;
				GCC_WARN_UNDECLARED_SELECTOR = YES;
				GCC_WARN_UNINITIALIZED_AUTOS = YES_AGGRESSIVE;
				GCC_WARN_UNUSED_FUNCTION = YES;
				GCC_WARN_UNUSED_VARIABLE = YES;
				MTL_ENABLE_DEBUG_INFO = NO;
				MTL_FAST_MATH = YES;
				SWIFT_COMPILATION_MODE = wholemodule;
				SWIFT_OPTIMIZATION_LEVEL = "-O";
				VERSIONING_SYSTEM = "apple-generic";
				VERSION_INFO_PREFIX = "";
			};
			name = Release;
		};
		560E8E242AD5445C0038D743 /* Debug */ = {
			isa = XCBuildConfiguration;
			buildSettings = {
				CODE_SIGN_STYLE = Automatic;
				CURRENT_PROJECT_VERSION = 1;
				DEFINES_MODULE = YES;
				DYLIB_COMPATIBILITY_VERSION = 1;
				DYLIB_CURRENT_VERSION = 1;
				DYLIB_INSTALL_NAME_BASE = "@rpath";
				ENABLE_MODULE_VERIFIER = YES;
				GENERATE_INFOPLIST_FILE = YES;
				INFOPLIST_KEY_NSHumanReadableCopyright = "";
				INSTALL_PATH = "$(LOCAL_LIBRARY_DIR)/Frameworks";
				IPHONEOS_DEPLOYMENT_TARGET = 16.4;
				LD_RUNPATH_SEARCH_PATHS = (
					"@executable_path/Frameworks",
					"@loader_path/Frameworks",
				);
				"LD_RUNPATH_SEARCH_PATHS[sdk=macosx*]" = (
					"@executable_path/../Frameworks",
					"@loader_path/Frameworks",
				);
				MACOSX_DEPLOYMENT_TARGET = 13.3;
				MARKETING_VERSION = 1.0;
				MODULE_VERIFIER_SUPPORTED_LANGUAGES = "objective-c objective-c++";
				MODULE_VERIFIER_SUPPORTED_LANGUAGE_STANDARDS = "gnu11 gnu++20";
				PRODUCT_BUNDLE_IDENTIFIER = com.wynnzhang..MetalPreview;
				PRODUCT_NAME = "$(TARGET_NAME:c99extidentifier)";
				SDKROOT = auto;
				SKIP_INSTALL = YES;
				SUPPORTED_PLATFORMS = "iphoneos iphonesimulator macosx";
				SWIFT_EMIT_LOC_STRINGS = YES;
				SWIFT_VERSION = 5.0;
				TARGETED_DEVICE_FAMILY = "1,2";
			};
			name = Debug;
		};
		560E8E252AD5445C0038D743 /* Release */ = {
			isa = XCBuildConfiguration;
			buildSettings = {
				CODE_SIGN_STYLE = Automatic;
				CURRENT_PROJECT_VERSION = 1;
				DEFINES_MODULE = YES;
				DYLIB_COMPATIBILITY_VERSION = 1;
				DYLIB_CURRENT_VERSION = 1;
				DYLIB_INSTALL_NAME_BASE = "@rpath";
				ENABLE_MODULE_VERIFIER = YES;
				GENERATE_INFOPLIST_FILE = YES;
				INFOPLIST_KEY_NSHumanReadableCopyright = "";
				INSTALL_PATH = "$(LOCAL_LIBRARY_DIR)/Frameworks";
				IPHONEOS_DEPLOYMENT_TARGET = 16.4;
				LD_RUNPATH_SEARCH_PATHS = (
					"@executable_path/Frameworks",
					"@loader_path/Frameworks",
				);
				"LD_RUNPATH_SEARCH_PATHS[sdk=macosx*]" = (
					"@executable_path/../Frameworks",
					"@loader_path/Frameworks",
				);
				MACOSX_DEPLOYMENT_TARGET = 13.3;
				MARKETING_VERSION = 1.0;
				MODULE_VERIFIER_SUPPORTED_LANGUAGES = "objective-c objective-c++";
				MODULE_VERIFIER_SUPPORTED_LANGUAGE_STANDARDS = "gnu11 gnu++20";
				PRODUCT_BUNDLE_IDENTIFIER = com.wynnzhang..MetalPreview;
				PRODUCT_NAME = "$(TARGET_NAME:c99extidentifier)";
				SDKROOT = auto;
				SKIP_INSTALL = YES;
				SUPPORTED_PLATFORMS = "iphoneos iphonesimulator macosx";
				SWIFT_EMIT_LOC_STRINGS = YES;
				SWIFT_VERSION = 5.0;
				TARGETED_DEVICE_FAMILY = "1,2";
			};
			name = Release;
		};
		560E8E272AD5445C0038D743 /* Debug */ = {
			isa = XCBuildConfiguration;
			buildSettings = {
				ALWAYS_EMBED_SWIFT_STANDARD_LIBRARIES = YES;
				CODE_SIGN_STYLE = Automatic;
				CURRENT_PROJECT_VERSION = 1;
				GENERATE_INFOPLIST_FILE = YES;
				IPHONEOS_DEPLOYMENT_TARGET = 16.4;
				MACOSX_DEPLOYMENT_TARGET = 13.3;
				MARKETING_VERSION = 1.0;
				PRODUCT_BUNDLE_IDENTIFIER = com.wynnzhang..MetalPreviewTests;
				PRODUCT_NAME = "$(TARGET_NAME)";
				SDKROOT = auto;
				SUPPORTED_PLATFORMS = "iphoneos iphonesimulator macosx";
				SWIFT_EMIT_LOC_STRINGS = NO;
				SWIFT_VERSION = 5.0;
				TARGETED_DEVICE_FAMILY = "1,2";
			};
			name = Debug;
		};
		560E8E282AD5445C0038D743 /* Release */ = {
			isa = XCBuildConfiguration;
			buildSettings = {
				ALWAYS_EMBED_SWIFT_STANDARD_LIBRARIES = YES;
				CODE_SIGN_STYLE = Automatic;
				CURRENT_PROJECT_VERSION = 1;
				GENERATE_INFOPLIST_FILE = YES;
				IPHONEOS_DEPLOYMENT_TARGET = 16.4;
				MACOSX_DEPLOYMENT_TARGET = 13.3;
				MARKETING_VERSION = 1.0;
				PRODUCT_BUNDLE_IDENTIFIER = com.wynnzhang..MetalPreviewTests;
				PRODUCT_NAME = "$(TARGET_NAME)";
				SDKROOT = auto;
				SUPPORTED_PLATFORMS = "iphoneos iphonesimulator macosx";
				SWIFT_EMIT_LOC_STRINGS = NO;
				SWIFT_VERSION = 5.0;
				TARGETED_DEVICE_FAMILY = "1,2";
			};
			name = Release;
		};
/* End XCBuildConfiguration section */

/* Begin XCConfigurationList section */
		560E8E092AD5445C0038D743 /* Build configuration list for PBXProject "MetalPreview" */ = {
			isa = XCConfigurationList;
			buildConfigurations = (
				560E8E212AD5445C0038D743 /* Debug */,
				560E8E222AD5445C0038D743 /* Release */,
			);
			defaultConfigurationIsVisible = 0;
			defaultConfigurationName = Release;
		};
		560E8E232AD5445C0038D743 /* Build configuration list for PBXNativeTarget "MetalPreview" */ = {
			isa = XCConfigurationList;
			buildConfigurations = (
				560E8E242AD5445C0038D743 /* Debug */,
				560E8E252AD5445C0038D743 /* Release */,
			);
			defaultConfigurationIsVisible = 0;
			defaultConfigurationName = Release;
		};
		560E8E262AD5445C0038D743 /* Build configuration list for PBXNativeTarget "MetalPreviewTests" */ = {
			isa = XCConfigurationList;
			buildConfigurations = (
				560E8E272AD5445C0038D743 /* Debug */,
				560E8E282AD5445C0038D743 /* Release */,
			);
			defaultConfigurationIsVisible = 0;
			defaultConfigurationName = Release;
		};
/* End XCConfigurationList section */
	};
	rootObject = 560E8E062AD5445C0038D743 /* Project object */;
}
